
Microsoft Visual Studio Solution File, Format Version 12.00
# Visual Studio Version 17
VisualStudioVersion = 17.4.33110.190
MinimumVisualStudioVersion = 10.0.40219.1
Project("{FAE04EC0-301F-11D3-BF4B-00C04F79EFBC}") = "Beecrowd 1011", "Beecrowd 1011\Beecrowd 1011.csproj", "{6A0172B6-68D3-4C75-AF5D-580C032F923E}"
EndProject
Global
	GlobalSection(SolutionConfigurationPlatforms) = preSolution
		Debug|Any CPU = Debug|Any CPU
		Release|Any CPU = Release|Any CPU
	EndGlobalSection
	GlobalSection(ProjectConfigurationPlatforms) = postSolution
		{6A0172B6-68D3-4C75-AF5D-580C032F923E}.Debug|Any CPU.ActiveCfg = Debug|Any CPU
		{6A0172B6-68D3-4C75-AF5D-580C032F923E}.Debug|Any CPU.Build.0 = Debug|Any CPU
		{6A0172B6-68D3-4C75-AF5D-580C032F923E}.Release|Any CPU.ActiveCfg = Release|Any CPU
		{6A0172B6-68D3-4C75-AF5D-580C032F923E}.Release|Any CPU.Build.0 = Release|Any CPU
	EndGlobalSection
	GlobalSection(SolutionProperties) = preSolution
		HideSolutionNode = FALSE
	EndGlobalSection
	GlobalSection(ExtensibilityGlobals) = postSolution
		SolutionGuid = {2DC33C0E-F3D5-4D78-9BB9-107F5CAED2B1}
	EndGlobalSection
EndGlobal
