
Microsoft Visual Studio Solution File, Format Version 12.00
# Visual Studio Version 17
VisualStudioVersion = 17.4.33110.190
MinimumVisualStudioVersion = 10.0.40219.1
Project("{FAE04EC0-301F-11D3-BF4B-00C04F79EFBC}") = "Beecrowd 1016", "Beecrowd 1016\Beecrowd 1016.csproj", "{C99584F8-C6AF-4B99-8638-BB337E218857}"
EndProject
Global
	GlobalSection(SolutionConfigurationPlatforms) = preSolution
		Debug|Any CPU = Debug|Any CPU
		Release|Any CPU = Release|Any CPU
	EndGlobalSection
	GlobalSection(ProjectConfigurationPlatforms) = postSolution
		{C99584F8-C6AF-4B99-8638-BB337E218857}.Debug|Any CPU.ActiveCfg = Debug|Any CPU
		{C99584F8-C6AF-4B99-8638-BB337E218857}.Debug|Any CPU.Build.0 = Debug|Any CPU
		{C99584F8-C6AF-4B99-8638-BB337E218857}.Release|Any CPU.ActiveCfg = Release|Any CPU
		{C99584F8-C6AF-4B99-8638-BB337E218857}.Release|Any CPU.Build.0 = Release|Any CPU
	EndGlobalSection
	GlobalSection(SolutionProperties) = preSolution
		HideSolutionNode = FALSE
	EndGlobalSection
	GlobalSection(ExtensibilityGlobals) = postSolution
		SolutionGuid = {1E8490C4-21A9-4EDE-951B-768B07A64934}
	EndGlobalSection
EndGlobal
