
Microsoft Visual Studio Solution File, Format Version 12.00
# Visual Studio Version 17
VisualStudioVersion = 17.4.33110.190
MinimumVisualStudioVersion = 10.0.40219.1
Project("{FAE04EC0-301F-11D3-BF4B-00C04F79EFBC}") = "Beecrowd 1047", "Beecrowd 1047\Beecrowd 1047.csproj", "{EA308F14-5724-47C8-995A-9746E7F1B023}"
EndProject
Global
	GlobalSection(SolutionConfigurationPlatforms) = preSolution
		Debug|Any CPU = Debug|Any CPU
		Release|Any CPU = Release|Any CPU
	EndGlobalSection
	GlobalSection(ProjectConfigurationPlatforms) = postSolution
		{EA308F14-5724-47C8-995A-9746E7F1B023}.Debug|Any CPU.ActiveCfg = Debug|Any CPU
		{EA308F14-5724-47C8-995A-9746E7F1B023}.Debug|Any CPU.Build.0 = Debug|Any CPU
		{EA308F14-5724-47C8-995A-9746E7F1B023}.Release|Any CPU.ActiveCfg = Release|Any CPU
		{EA308F14-5724-47C8-995A-9746E7F1B023}.Release|Any CPU.Build.0 = Release|Any CPU
	EndGlobalSection
	GlobalSection(SolutionProperties) = preSolution
		HideSolutionNode = FALSE
	EndGlobalSection
	GlobalSection(ExtensibilityGlobals) = postSolution
		SolutionGuid = {11EB4504-66F8-4104-AE2C-F7F8C4939E42}
	EndGlobalSection
EndGlobal
