
Microsoft Visual Studio Solution File, Format Version 12.00
# Visual Studio Version 17
VisualStudioVersion = 17.4.33110.190
MinimumVisualStudioVersion = 10.0.40219.1
Project("{FAE04EC0-301F-11D3-BF4B-00C04F79EFBC}") = "Beecrowd 1075", "Beecrowd 1075\Beecrowd 1075.csproj", "{A43AD62F-0034-4544-84B3-32F4D9B0AEDE}"
EndProject
Global
	GlobalSection(SolutionConfigurationPlatforms) = preSolution
		Debug|Any CPU = Debug|Any CPU
		Release|Any CPU = Release|Any CPU
	EndGlobalSection
	GlobalSection(ProjectConfigurationPlatforms) = postSolution
		{A43AD62F-0034-4544-84B3-32F4D9B0AEDE}.Debug|Any CPU.ActiveCfg = Debug|Any CPU
		{A43AD62F-0034-4544-84B3-32F4D9B0AEDE}.Debug|Any CPU.Build.0 = Debug|Any CPU
		{A43AD62F-0034-4544-84B3-32F4D9B0AEDE}.Release|Any CPU.ActiveCfg = Release|Any CPU
		{A43AD62F-0034-4544-84B3-32F4D9B0AEDE}.Release|Any CPU.Build.0 = Release|Any CPU
	EndGlobalSection
	GlobalSection(SolutionProperties) = preSolution
		HideSolutionNode = FALSE
	EndGlobalSection
	GlobalSection(ExtensibilityGlobals) = postSolution
		SolutionGuid = {6EE67261-4FC8-4516-9165-8BA8BB9DF4E1}
	EndGlobalSection
EndGlobal
