
Microsoft Visual Studio Solution File, Format Version 12.00
# Visual Studio Version 17
VisualStudioVersion = 17.4.33110.190
MinimumVisualStudioVersion = 10.0.40219.1
Project("{FAE04EC0-301F-11D3-BF4B-00C04F79EFBC}") = "Beecrowd_1002", "Beecrowd_1002\Beecrowd_1002.csproj", "{66AD0D58-34AB-49E7-9F9E-520BE34998CF}"
EndProject
Global
	GlobalSection(SolutionConfigurationPlatforms) = preSolution
		Debug|Any CPU = Debug|Any CPU
		Release|Any CPU = Release|Any CPU
	EndGlobalSection
	GlobalSection(ProjectConfigurationPlatforms) = postSolution
		{66AD0D58-34AB-49E7-9F9E-520BE34998CF}.Debug|Any CPU.ActiveCfg = Debug|Any CPU
		{66AD0D58-34AB-49E7-9F9E-520BE34998CF}.Debug|Any CPU.Build.0 = Debug|Any CPU
		{66AD0D58-34AB-49E7-9F9E-520BE34998CF}.Release|Any CPU.ActiveCfg = Release|Any CPU
		{66AD0D58-34AB-49E7-9F9E-520BE34998CF}.Release|Any CPU.Build.0 = Release|Any CPU
	EndGlobalSection
	GlobalSection(SolutionProperties) = preSolution
		HideSolutionNode = FALSE
	EndGlobalSection
	GlobalSection(ExtensibilityGlobals) = postSolution
		SolutionGuid = {55A5BB18-FB15-4125-A9A4-1C739DE9E270}
	EndGlobalSection
EndGlobal
