
Microsoft Visual Studio Solution File, Format Version 12.00
# Visual Studio Version 17
VisualStudioVersion = 17.4.33110.190
MinimumVisualStudioVersion = 10.0.40219.1
Project("{FAE04EC0-301F-11D3-BF4B-00C04F79EFBC}") = "Beecrowd 1079", "Beecrowd 1079\Beecrowd 1079.csproj", "{8CCCED72-2F2A-4AE5-A55E-03BA8AA8CFF6}"
EndProject
Global
	GlobalSection(SolutionConfigurationPlatforms) = preSolution
		Debug|Any CPU = Debug|Any CPU
		Release|Any CPU = Release|Any CPU
	EndGlobalSection
	GlobalSection(ProjectConfigurationPlatforms) = postSolution
		{8CCCED72-2F2A-4AE5-A55E-03BA8AA8CFF6}.Debug|Any CPU.ActiveCfg = Debug|Any CPU
		{8CCCED72-2F2A-4AE5-A55E-03BA8AA8CFF6}.Debug|Any CPU.Build.0 = Debug|Any CPU
		{8CCCED72-2F2A-4AE5-A55E-03BA8AA8CFF6}.Release|Any CPU.ActiveCfg = Release|Any CPU
		{8CCCED72-2F2A-4AE5-A55E-03BA8AA8CFF6}.Release|Any CPU.Build.0 = Release|Any CPU
	EndGlobalSection
	GlobalSection(SolutionProperties) = preSolution
		HideSolutionNode = FALSE
	EndGlobalSection
	GlobalSection(ExtensibilityGlobals) = postSolution
		SolutionGuid = {D7694B39-046B-4C24-AFE6-89CE12E3B31C}
	EndGlobalSection
EndGlobal
