
Microsoft Visual Studio Solution File, Format Version 12.00
# Visual Studio Version 17
VisualStudioVersion = 17.4.33110.190
MinimumVisualStudioVersion = 10.0.40219.1
Project("{FAE04EC0-301F-11D3-BF4B-00C04F79EFBC}") = "Beecrowd 1006", "Beecrowd 1006\Beecrowd 1006.csproj", "{897520A2-F87E-4FB8-9BA2-FDF4F4FD8064}"
EndProject
Global
	GlobalSection(SolutionConfigurationPlatforms) = preSolution
		Debug|Any CPU = Debug|Any CPU
		Release|Any CPU = Release|Any CPU
	EndGlobalSection
	GlobalSection(ProjectConfigurationPlatforms) = postSolution
		{897520A2-F87E-4FB8-9BA2-FDF4F4FD8064}.Debug|Any CPU.ActiveCfg = Debug|Any CPU
		{897520A2-F87E-4FB8-9BA2-FDF4F4FD8064}.Debug|Any CPU.Build.0 = Debug|Any CPU
		{897520A2-F87E-4FB8-9BA2-FDF4F4FD8064}.Release|Any CPU.ActiveCfg = Release|Any CPU
		{897520A2-F87E-4FB8-9BA2-FDF4F4FD8064}.Release|Any CPU.Build.0 = Release|Any CPU
	EndGlobalSection
	GlobalSection(SolutionProperties) = preSolution
		HideSolutionNode = FALSE
	EndGlobalSection
	GlobalSection(ExtensibilityGlobals) = postSolution
		SolutionGuid = {E0A601FB-CD7D-485D-81C8-19BAFEF0080B}
	EndGlobalSection
EndGlobal
