
Microsoft Visual Studio Solution File, Format Version 12.00
# Visual Studio Version 17
VisualStudioVersion = 17.4.33110.190
MinimumVisualStudioVersion = 10.0.40219.1
Project("{FAE04EC0-301F-11D3-BF4B-00C04F79EFBC}") = "Beecrowd 1044", "Beecrowd 1044\Beecrowd 1044.csproj", "{8616F6B4-9AFE-415A-BA76-698455702E2F}"
EndProject
Global
	GlobalSection(SolutionConfigurationPlatforms) = preSolution
		Debug|Any CPU = Debug|Any CPU
		Release|Any CPU = Release|Any CPU
	EndGlobalSection
	GlobalSection(ProjectConfigurationPlatforms) = postSolution
		{8616F6B4-9AFE-415A-BA76-698455702E2F}.Debug|Any CPU.ActiveCfg = Debug|Any CPU
		{8616F6B4-9AFE-415A-BA76-698455702E2F}.Debug|Any CPU.Build.0 = Debug|Any CPU
		{8616F6B4-9AFE-415A-BA76-698455702E2F}.Release|Any CPU.ActiveCfg = Release|Any CPU
		{8616F6B4-9AFE-415A-BA76-698455702E2F}.Release|Any CPU.Build.0 = Release|Any CPU
	EndGlobalSection
	GlobalSection(SolutionProperties) = preSolution
		HideSolutionNode = FALSE
	EndGlobalSection
	GlobalSection(ExtensibilityGlobals) = postSolution
		SolutionGuid = {4BA86B87-0065-441E-B220-05109246F380}
	EndGlobalSection
EndGlobal
