
Microsoft Visual Studio Solution File, Format Version 12.00
# Visual Studio Version 17
VisualStudioVersion = 17.4.33110.190
MinimumVisualStudioVersion = 10.0.40219.1
Project("{FAE04EC0-301F-11D3-BF4B-00C04F79EFBC}") = "Beecrowd 1059", "Beecrowd 1059\Beecrowd 1059.csproj", "{6E3D8D6F-402C-484E-8B06-7CDDBA234EAD}"
EndProject
Global
	GlobalSection(SolutionConfigurationPlatforms) = preSolution
		Debug|Any CPU = Debug|Any CPU
		Release|Any CPU = Release|Any CPU
	EndGlobalSection
	GlobalSection(ProjectConfigurationPlatforms) = postSolution
		{6E3D8D6F-402C-484E-8B06-7CDDBA234EAD}.Debug|Any CPU.ActiveCfg = Debug|Any CPU
		{6E3D8D6F-402C-484E-8B06-7CDDBA234EAD}.Debug|Any CPU.Build.0 = Debug|Any CPU
		{6E3D8D6F-402C-484E-8B06-7CDDBA234EAD}.Release|Any CPU.ActiveCfg = Release|Any CPU
		{6E3D8D6F-402C-484E-8B06-7CDDBA234EAD}.Release|Any CPU.Build.0 = Release|Any CPU
	EndGlobalSection
	GlobalSection(SolutionProperties) = preSolution
		HideSolutionNode = FALSE
	EndGlobalSection
	GlobalSection(ExtensibilityGlobals) = postSolution
		SolutionGuid = {E09B0020-3666-465E-9A51-0E9DAC1C1B70}
	EndGlobalSection
EndGlobal
