
Microsoft Visual Studio Solution File, Format Version 12.00
# Visual Studio Version 17
VisualStudioVersion = 17.4.33110.190
MinimumVisualStudioVersion = 10.0.40219.1
Project("{FAE04EC0-301F-11D3-BF4B-00C04F79EFBC}") = "Beecrowd1001", "Beecrowd1001\Beecrowd1001.csproj", "{56A7CC6F-E8EB-4AB8-98D5-5C9C1A9CB65E}"
EndProject
Global
	GlobalSection(SolutionConfigurationPlatforms) = preSolution
		Debug|Any CPU = Debug|Any CPU
		Release|Any CPU = Release|Any CPU
	EndGlobalSection
	GlobalSection(ProjectConfigurationPlatforms) = postSolution
		{56A7CC6F-E8EB-4AB8-98D5-5C9C1A9CB65E}.Debug|Any CPU.ActiveCfg = Debug|Any CPU
		{56A7CC6F-E8EB-4AB8-98D5-5C9C1A9CB65E}.Debug|Any CPU.Build.0 = Debug|Any CPU
		{56A7CC6F-E8EB-4AB8-98D5-5C9C1A9CB65E}.Release|Any CPU.ActiveCfg = Release|Any CPU
		{56A7CC6F-E8EB-4AB8-98D5-5C9C1A9CB65E}.Release|Any CPU.Build.0 = Release|Any CPU
	EndGlobalSection
	GlobalSection(SolutionProperties) = preSolution
		HideSolutionNode = FALSE
	EndGlobalSection
	GlobalSection(ExtensibilityGlobals) = postSolution
		SolutionGuid = {61F876E0-B992-4BB3-831F-3B6F23BF6DD9}
	EndGlobalSection
EndGlobal
