
Microsoft Visual Studio Solution File, Format Version 12.00
# Visual Studio Version 17
VisualStudioVersion = 17.4.33110.190
MinimumVisualStudioVersion = 10.0.40219.1
Project("{FAE04EC0-301F-11D3-BF4B-00C04F79EFBC}") = "Beecrowd 1051", "Beecrowd 1051\Beecrowd 1051.csproj", "{BE4333E5-61CC-4FB8-AB4E-C75B3E0B1780}"
EndProject
Global
	GlobalSection(SolutionConfigurationPlatforms) = preSolution
		Debug|Any CPU = Debug|Any CPU
		Release|Any CPU = Release|Any CPU
	EndGlobalSection
	GlobalSection(ProjectConfigurationPlatforms) = postSolution
		{BE4333E5-61CC-4FB8-AB4E-C75B3E0B1780}.Debug|Any CPU.ActiveCfg = Debug|Any CPU
		{BE4333E5-61CC-4FB8-AB4E-C75B3E0B1780}.Debug|Any CPU.Build.0 = Debug|Any CPU
		{BE4333E5-61CC-4FB8-AB4E-C75B3E0B1780}.Release|Any CPU.ActiveCfg = Release|Any CPU
		{BE4333E5-61CC-4FB8-AB4E-C75B3E0B1780}.Release|Any CPU.Build.0 = Release|Any CPU
	EndGlobalSection
	GlobalSection(SolutionProperties) = preSolution
		HideSolutionNode = FALSE
	EndGlobalSection
	GlobalSection(ExtensibilityGlobals) = postSolution
		SolutionGuid = {CF811610-100C-489B-817C-2CFE22669CF8}
	EndGlobalSection
EndGlobal
