
Microsoft Visual Studio Solution File, Format Version 12.00
# Visual Studio Version 17
VisualStudioVersion = 17.4.33110.190
MinimumVisualStudioVersion = 10.0.40219.1
Project("{FAE04EC0-301F-11D3-BF4B-00C04F79EFBC}") = "Beecrowd 1020", "Beecrowd 1020\Beecrowd 1020.csproj", "{878FC2DC-2598-4169-A9CD-501902CDE53B}"
EndProject
Global
	GlobalSection(SolutionConfigurationPlatforms) = preSolution
		Debug|Any CPU = Debug|Any CPU
		Release|Any CPU = Release|Any CPU
	EndGlobalSection
	GlobalSection(ProjectConfigurationPlatforms) = postSolution
		{878FC2DC-2598-4169-A9CD-501902CDE53B}.Debug|Any CPU.ActiveCfg = Debug|Any CPU
		{878FC2DC-2598-4169-A9CD-501902CDE53B}.Debug|Any CPU.Build.0 = Debug|Any CPU
		{878FC2DC-2598-4169-A9CD-501902CDE53B}.Release|Any CPU.ActiveCfg = Release|Any CPU
		{878FC2DC-2598-4169-A9CD-501902CDE53B}.Release|Any CPU.Build.0 = Release|Any CPU
	EndGlobalSection
	GlobalSection(SolutionProperties) = preSolution
		HideSolutionNode = FALSE
	EndGlobalSection
	GlobalSection(ExtensibilityGlobals) = postSolution
		SolutionGuid = {9B231FFB-9E1C-442F-9713-CC0272578E99}
	EndGlobalSection
EndGlobal
